
Microsoft Visual Studio Solution File, Format Version 12.00
# Visual Studio Version 17
VisualStudioVersion = 17.11.35219.272
MinimumVisualStudioVersion = 10.0.40219.1
Project("{FAE04EC0-301F-11D3-BF4B-00C04F79EFBC}") = "SpendSmart", "SpendSmart.csproj", "{0E87ECFD-4964-42ED-B193-F83878E748C2}"
EndProject
Global
	GlobalSection(SolutionConfigurationPlatforms) = preSolution
		Debug|Any CPU = Debug|Any CPU
		Release|Any CPU = Release|Any CPU
	EndGlobalSection
	GlobalSection(ProjectConfigurationPlatforms) = postSolution
		{0E87ECFD-4964-42ED-B193-F83878E748C2}.Debug|Any CPU.ActiveCfg = Debug|Any CPU
		{0E87ECFD-4964-42ED-B193-F83878E748C2}.Debug|Any CPU.Build.0 = Debug|Any CPU
		{0E87ECFD-4964-42ED-B193-F83878E748C2}.Release|Any CPU.ActiveCfg = Release|Any CPU
		{0E87ECFD-4964-42ED-B193-F83878E748C2}.Release|Any CPU.Build.0 = Release|Any CPU
	EndGlobalSection
	GlobalSection(SolutionProperties) = preSolution
		HideSolutionNode = FALSE
	EndGlobalSection
	GlobalSection(ExtensibilityGlobals) = postSolution
		SolutionGuid = {C812BD17-80F8-4695-86F1-E7EE6868B255}
	EndGlobalSection
EndGlobal
